{
    "_meta": {
        "hash": {
            "sha256": "c3f7e0a45c256b1e14624dfcc245cd40a58a208833b9bbe0279a359d3b1821a7"
        },
        "host-environment-markers": {
            "implementation_name": "cpython",
            "implementation_version": "3.6.4",
            "os_name": "posix",
            "platform_machine": "x86_64",
            "platform_python_implementation": "CPython",
            "platform_release": "16.7.0",
            "platform_system": "Darwin",
            "platform_version": "Darwin Kernel Version 16.7.0: Thu Jun 15 17:36:27 PDT 2017; root:xnu-3789.70.16~2/RELEASE_X86_64",
            "python_full_version": "3.6.4",
            "python_version": "3.6",
            "sys_platform": "darwin"
        },
        "pipfile-spec": 6,
        "requires": {
            "python_version": "3.6"
        },
        "sources": [
            {
                "name": "pypi",
                "url": "https://pypi.python.org/simple",
                "verify_ssl": true
            }
        ]
    },
    "default": {
        "certifi": {
            "hashes": [
                "sha256:14131608ad2fd56836d33a71ee60fa1c82bc9d2c8d98b7bdbc631fe1b3cd1296",
                "sha256:edbc3f203427eef571f79a7692bb160a2b0f7ccaa31953e99bd17e307cf63f7d"
            ],
            "version": "==2018.1.18"
        },
        "elasticsearch": {
            "hashes": [
                "sha256:2e6dcdf9cb62377e0d6b82d2931ebc67b5a549081bbb531aa3be60ece33257b2",
                "sha256:8539e30c33fa0ad09617893a458056a35a654c92226390c30a07a3776bb8a94f"
            ],
            "version": "==5.5.2"
        },
        "elasticsearch-dsl": {
            "hashes": [
                "sha256:197246ddd556b4b7d2738dfa9e4831068c9b5cb21706f6aca035136d42849109",
                "sha256:cbef6467085d7debc870bc450d996c7ba5b8822eb86a6033bba09134ffb01ba8"
            ],
            "version": "==5.4.0"
        },
        "python-dateutil": {
            "hashes": [
                "sha256:95511bae634d69bc7329ba55e646499a842bc4ec342ad54a8cdb65645a0aad3c",
                "sha256:891c38b2a02f5bb1be3e4793866c8df49c7d19baabf9c1bad62547e0b4866aca"
            ],
            "version": "==2.6.1"
        },
        "six": {
            "hashes": [
                "sha256:832dc0e10feb1aa2c68dcc57dbb658f1c7e65b9b61af69048abc87a2db00a0eb",
                "sha256:70e8a77beed4562e7f14fe23a786b54f6296e34344c23bc42f07b15018ff98e9"
            ],
            "version": "==1.11.0"
        },
        "urllib3": {
            "hashes": [
                "sha256:06330f386d6e4b195fbfc736b297f58c5a892e4440e54d294d7004e3a9bbea1b",
                "sha256:cc44da8e1145637334317feebd728bd869a35285b93cbb4cca2577da7e62db4f"
            ],
            "version": "==1.22"
        }
    },
    "develop": {
        "certifi": {
            "hashes": [
                "sha256:14131608ad2fd56836d33a71ee60fa1c82bc9d2c8d98b7bdbc631fe1b3cd1296",
                "sha256:edbc3f203427eef571f79a7692bb160a2b0f7ccaa31953e99bd17e307cf63f7d"
            ],
            "version": "==2018.1.18"
        },
        "e1839a8": {
            "editable": true,
            "path": "."
        },
        "elasticsearch": {
            "hashes": [
                "sha256:2e6dcdf9cb62377e0d6b82d2931ebc67b5a549081bbb531aa3be60ece33257b2",
                "sha256:8539e30c33fa0ad09617893a458056a35a654c92226390c30a07a3776bb8a94f"
            ],
            "version": "==5.5.2"
        },
        "elasticsearch-dsl": {
            "hashes": [
                "sha256:197246ddd556b4b7d2738dfa9e4831068c9b5cb21706f6aca035136d42849109",
                "sha256:cbef6467085d7debc870bc450d996c7ba5b8822eb86a6033bba09134ffb01ba8"
            ],
            "version": "==5.4.0"
        },
        "ipaddress": {
            "hashes": [
                "sha256:200d8686011d470b5e4de207d803445deee427455cd0cb7c982b68cf82524f81"
            ],
            "version": "==1.0.19"
        },
        "python-dateutil": {
            "hashes": [
                "sha256:95511bae634d69bc7329ba55e646499a842bc4ec342ad54a8cdb65645a0aad3c",
                "sha256:891c38b2a02f5bb1be3e4793866c8df49c7d19baabf9c1bad62547e0b4866aca"
            ],
            "version": "==2.6.1"
        },
        "six": {
            "hashes": [
                "sha256:832dc0e10feb1aa2c68dcc57dbb658f1c7e65b9b61af69048abc87a2db00a0eb",
                "sha256:70e8a77beed4562e7f14fe23a786b54f6296e34344c23bc42f07b15018ff98e9"
            ],
            "version": "==1.11.0"
        },
        "urllib3": {
            "hashes": [
                "sha256:06330f386d6e4b195fbfc736b297f58c5a892e4440e54d294d7004e3a9bbea1b",
                "sha256:cc44da8e1145637334317feebd728bd869a35285b93cbb4cca2577da7e62db4f"
            ],
            "version": "==1.22"
        }
    }
}
